// !$*UTF8*$!
{
	archiveVersion = 1;
	classes = {
	};
	objectVersion = 50;
	objects = {

/* Begin PBXBuildFile section */
		C517357E219B8E89008F1569 /* PlayingCardView.swift in Sources */ = {isa = PBXBuildFile; fileRef = C517357D219B8E89008F1569 /* PlayingCardView.swift */; };
		C57B90B7219B32950019EC56 /* AppDelegate.swift in Sources */ = {isa = PBXBuildFile; fileRef = C57B90B6219B32950019EC56 /* AppDelegate.swift */; };
		C57B90B9219B32950019EC56 /* ViewController.swift in Sources */ = {isa = PBXBuildFile; fileRef = C57B90B8219B32950019EC56 /* ViewController.swift */; };
		C57B90BC219B32950019EC56 /* Main.storyboard in Resources */ = {isa = PBXBuildFile; fileRef = C57B90BA219B32950019EC56 /* Main.storyboard */; };
		C57B90BE219B32960019EC56 /* Assets.xcassets in Resources */ = {isa = PBXBuildFile; fileRef = C57B90BD219B32960019EC56 /* Assets.xcassets */; };
		C57B90C1219B32960019EC56 /* LaunchScreen.storyboard in Resources */ = {isa = PBXBuildFile; fileRef = C57B90BF219B32960019EC56 /* LaunchScreen.storyboard */; };
		C57B90CC219B32960019EC56 /* PlayingCardTests.swift in Sources */ = {isa = PBXBuildFile; fileRef = C57B90CB219B32960019EC56 /* PlayingCardTests.swift */; };
		C57B90D7219B32960019EC56 /* PlayingCardUITests.swift in Sources */ = {isa = PBXBuildFile; fileRef = C57B90D6219B32960019EC56 /* PlayingCardUITests.swift */; };
		C57B90E5219B32B60019EC56 /* PlayingCard.swift in Sources */ = {isa = PBXBuildFile; fileRef = C57B90E4219B32B60019EC56 /* PlayingCard.swift */; };
		C57B90E7219B3AC80019EC56 /* PlayingCardDeck.swift in Sources */ = {isa = PBXBuildFile; fileRef = C57B90E6219B3AC80019EC56 /* PlayingCardDeck.swift */; };
/* End PBXBuildFile section */

/* Begin PBXContainerItemProxy section */
		C57B90C8219B32960019EC56 /* PBXContainerItemProxy */ = {
			isa = PBXContainerItemProxy;
			containerPortal = C57B90AB219B32950019EC56 /* Project object */;
			proxyType = 1;
			remoteGlobalIDString = C57B90B2219B32950019EC56;
			remoteInfo = PlayingCard;
		};
		C57B90D3219B32960019EC56 /* PBXContainerItemProxy */ = {
			isa = PBXContainerItemProxy;
			containerPortal = C57B90AB219B32950019EC56 /* Project object */;
			proxyType = 1;
			remoteGlobalIDString = C57B90B2219B32950019EC56;
			remoteInfo = PlayingCard;
		};
/* End PBXContainerItemProxy section */

/* Begin PBXFileReference section */
		C517357D219B8E89008F1569 /* PlayingCardView.swift */ = {isa = PBXFileReference; lastKnownFileType = sourcecode.swift; path = PlayingCardView.swift; sourceTree = "<group>"; };
		C57B90B3219B32950019EC56 /* PlayingCard.app */ = {isa = PBXFileReference; explicitFileType = wrapper.application; includeInIndex = 0; path = PlayingCard.app; sourceTree = BUILT_PRODUCTS_DIR; };
		C57B90B6219B32950019EC56 /* AppDelegate.swift */ = {isa = PBXFileReference; lastKnownFileType = sourcecode.swift; path = AppDelegate.swift; sourceTree = "<group>"; };
		C57B90B8219B32950019EC56 /* ViewController.swift */ = {isa = PBXFileReference; lastKnownFileType = sourcecode.swift; path = ViewController.swift; sourceTree = "<group>"; };
		C57B90BB219B32950019EC56 /* Base */ = {isa = PBXFileReference; lastKnownFileType = file.storyboard; name = Base; path = Base.lproj/Main.storyboard; sourceTree = "<group>"; };
		C57B90BD219B32960019EC56 /* Assets.xcassets */ = {isa = PBXFileReference; lastKnownFileType = folder.assetcatalog; path = Assets.xcassets; sourceTree = "<group>"; };
		C57B90C0219B32960019EC56 /* Base */ = {isa = PBXFileReference; lastKnownFileType = file.storyboard; name = Base; path = Base.lproj/LaunchScreen.storyboard; sourceTree = "<group>"; };
		C57B90C2219B32960019EC56 /* Info.plist */ = {isa = PBXFileReference; lastKnownFileType = text.plist.xml; path = Info.plist; sourceTree = "<group>"; };
		C57B90C7219B32960019EC56 /* PlayingCardTests.xctest */ = {isa = PBXFileReference; explicitFileType = wrapper.cfbundle; includeInIndex = 0; path = PlayingCardTests.xctest; sourceTree = BUILT_PRODUCTS_DIR; };
		C57B90CB219B32960019EC56 /* PlayingCardTests.swift */ = {isa = PBXFileReference; lastKnownFileType = sourcecode.swift; path = PlayingCardTests.swift; sourceTree = "<group>"; };
		C57B90CD219B32960019EC56 /* Info.plist */ = {isa = PBXFileReference; lastKnownFileType = text.plist.xml; path = Info.plist; sourceTree = "<group>"; };
		C57B90D2219B32960019EC56 /* PlayingCardUITests.xctest */ = {isa = PBXFileReference; explicitFileType = wrapper.cfbundle; includeInIndex = 0; path = PlayingCardUITests.xctest; sourceTree = BUILT_PRODUCTS_DIR; };
		C57B90D6219B32960019EC56 /* PlayingCardUITests.swift */ = {isa = PBXFileReference; lastKnownFileType = sourcecode.swift; path = PlayingCardUITests.swift; sourceTree = "<group>"; };
		C57B90D8219B32960019EC56 /* Info.plist */ = {isa = PBXFileReference; lastKnownFileType = text.plist.xml; path = Info.plist; sourceTree = "<group>"; };
		C57B90E4219B32B60019EC56 /* PlayingCard.swift */ = {isa = PBXFileReference; lastKnownFileType = sourcecode.swift; path = PlayingCard.swift; sourceTree = "<group>"; };
		C57B90E6219B3AC80019EC56 /* PlayingCardDeck.swift */ = {isa = PBXFileReference; lastKnownFileType = sourcecode.swift; path = PlayingCardDeck.swift; sourceTree = "<group>"; };
/* End PBXFileReference section */

/* Begin PBXFrameworksBuildPhase section */
		C57B90B0219B32950019EC56 /* Frameworks */ = {
			isa = PBXFrameworksBuildPhase;
			buildActionMask = 2147483647;
			files = (
			);
			runOnlyForDeploymentPostprocessing = 0;
		};
		C57B90C4219B32960019EC56 /* Frameworks */ = {
			isa = PBXFrameworksBuildPhase;
			buildActionMask = 2147483647;
			files = (
			);
			runOnlyForDeploymentPostprocessing = 0;
		};
		C57B90CF219B32960019EC56 /* Frameworks */ = {
			isa = PBXFrameworksBuildPhase;
			buildActionMask = 2147483647;
			files = (
			);
			runOnlyForDeploymentPostprocessing = 0;
		};
/* End PBXFrameworksBuildPhase section */

/* Begin PBXGroup section */
		C57B90AA219B32950019EC56 = {
			isa = PBXGroup;
			children = (
				C57B90B5219B32950019EC56 /* PlayingCard */,
				C57B90CA219B32960019EC56 /* PlayingCardTests */,
				C57B90D5219B32960019EC56 /* PlayingCardUITests */,
				C57B90B4219B32950019EC56 /* Products */,
			);
			sourceTree = "<group>";
		};
		C57B90B4219B32950019EC56 /* Products */ = {
			isa = PBXGroup;
			children = (
				C57B90B3219B32950019EC56 /* PlayingCard.app */,
				C57B90C7219B32960019EC56 /* PlayingCardTests.xctest */,
				C57B90D2219B32960019EC56 /* PlayingCardUITests.xctest */,
			);
			name = Products;
			sourceTree = "<group>";
		};
		C57B90B5219B32950019EC56 /* PlayingCard */ = {
			isa = PBXGroup;
			children = (
				C57B90B6219B32950019EC56 /* AppDelegate.swift */,
				C57B90B8219B32950019EC56 /* ViewController.swift */,
				C57B90E4219B32B60019EC56 /* PlayingCard.swift */,
				C57B90BA219B32950019EC56 /* Main.storyboard */,
				C517357D219B8E89008F1569 /* PlayingCardView.swift */,
				C57B90BD219B32960019EC56 /* Assets.xcassets */,
				C57B90BF219B32960019EC56 /* LaunchScreen.storyboard */,
				C57B90C2219B32960019EC56 /* Info.plist */,
				C57B90E6219B3AC80019EC56 /* PlayingCardDeck.swift */,
			);
			path = PlayingCard;
			sourceTree = "<group>";
		};
		C57B90CA219B32960019EC56 /* PlayingCardTests */ = {
			isa = PBXGroup;
			children = (
				C57B90CB219B32960019EC56 /* PlayingCardTests.swift */,
				C57B90CD219B32960019EC56 /* Info.plist */,
			);
			path = PlayingCardTests;
			sourceTree = "<group>";
		};
		C57B90D5219B32960019EC56 /* PlayingCardUITests */ = {
			isa = PBXGroup;
			children = (
				C57B90D6219B32960019EC56 /* PlayingCardUITests.swift */,
				C57B90D8219B32960019EC56 /* Info.plist */,
			);
			path = PlayingCardUITests;
			sourceTree = "<group>";
		};
/* End PBXGroup section */

/* Begin PBXNativeTarget section */
		C57B90B2219B32950019EC56 /* PlayingCard */ = {
			isa = PBXNativeTarget;
			buildConfigurationList = C57B90DB219B32960019EC56 /* Build configuration list for PBXNativeTarget "PlayingCard" */;
			buildPhases = (
				C57B90AF219B32950019EC56 /* Sources */,
				C57B90B0219B32950019EC56 /* Frameworks */,
				C57B90B1219B32950019EC56 /* Resources */,
			);
			buildRules = (
			);
			dependencies = (
			);
			name = PlayingCard;
			productName = PlayingCard;
			productReference = C57B90B3219B32950019EC56 /* PlayingCard.app */;
			productType = "com.apple.product-type.application";
		};
		C57B90C6219B32960019EC56 /* PlayingCardTests */ = {
			isa = PBXNativeTarget;
			buildConfigurationList = C57B90DE219B32960019EC56 /* Build configuration list for PBXNativeTarget "PlayingCardTests" */;
			buildPhases = (
				C57B90C3219B32960019EC56 /* Sources */,
				C57B90C4219B32960019EC56 /* Frameworks */,
				C57B90C5219B32960019EC56 /* Resources */,
			);
			buildRules = (
			);
			dependencies = (
				C57B90C9219B32960019EC56 /* PBXTargetDependency */,
			);
			name = PlayingCardTests;
			productName = PlayingCardTests;
			productReference = C57B90C7219B32960019EC56 /* PlayingCardTests.xctest */;
			productType = "com.apple.product-type.bundle.unit-test";
		};
		C57B90D1219B32960019EC56 /* PlayingCardUITests */ = {
			isa = PBXNativeTarget;
			buildConfigurationList = C57B90E1219B32960019EC56 /* Build configuration list for PBXNativeTarget "PlayingCardUITests" */;
			buildPhases = (
				C57B90CE219B32960019EC56 /* Sources */,
				C57B90CF219B32960019EC56 /* Frameworks */,
				C57B90D0219B32960019EC56 /* Resources */,
			);
			buildRules = (
			);
			dependencies = (
				C57B90D4219B32960019EC56 /* PBXTargetDependency */,
			);
			name = PlayingCardUITests;
			productName = PlayingCardUITests;
			productReference = C57B90D2219B32960019EC56 /* PlayingCardUITests.xctest */;
			productType = "com.apple.product-type.bundle.ui-testing";
		};
/* End PBXNativeTarget section */

/* Begin PBXProject section */
		C57B90AB219B32950019EC56 /* Project object */ = {
			isa = PBXProject;
			attributes = {
				LastSwiftUpdateCheck = 1010;
				LastUpgradeCheck = 1010;
				ORGANIZATIONNAME = "Rodolfo Rodriguez";
				TargetAttributes = {
					C57B90B2219B32950019EC56 = {
						CreatedOnToolsVersion = 10.1;
					};
					C57B90C6219B32960019EC56 = {
						CreatedOnToolsVersion = 10.1;
						TestTargetID = C57B90B2219B32950019EC56;
					};
					C57B90D1219B32960019EC56 = {
						CreatedOnToolsVersion = 10.1;
						TestTargetID = C57B90B2219B32950019EC56;
					};
				};
			};
			buildConfigurationList = C57B90AE219B32950019EC56 /* Build configuration list for PBXProject "PlayingCard" */;
			compatibilityVersion = "Xcode 9.3";
			developmentRegion = en;
			hasScannedForEncodings = 0;
			knownRegions = (
				en,
				Base,
			);
			mainGroup = C57B90AA219B32950019EC56;
			productRefGroup = C57B90B4219B32950019EC56 /* Products */;
			projectDirPath = "";
			projectRoot = "";
			targets = (
				C57B90B2219B32950019EC56 /* PlayingCard */,
				C57B90C6219B32960019EC56 /* PlayingCardTests */,
				C57B90D1219B32960019EC56 /* PlayingCardUITests */,
			);
		};
/* End PBXProject section */

/* Begin PBXResourcesBuildPhase section */
		C57B90B1219B32950019EC56 /* Resources */ = {
			isa = PBXResourcesBuildPhase;
			buildActionMask = 2147483647;
			files = (
				C57B90C1219B32960019EC56 /* LaunchScreen.storyboard in Resources */,
				C57B90BE219B32960019EC56 /* Assets.xcassets in Resources */,
				C57B90BC219B32950019EC56 /* Main.storyboard in Resources */,
			);
			runOnlyForDeploymentPostprocessing = 0;
		};
		C57B90C5219B32960019EC56 /* Resources */ = {
			isa = PBXResourcesBuildPhase;
			buildActionMask = 2147483647;
			files = (
			);
			runOnlyForDeploymentPostprocessing = 0;
		};
		C57B90D0219B32960019EC56 /* Resources */ = {
			isa = PBXResourcesBuildPhase;
			buildActionMask = 2147483647;
			files = (
			);
			runOnlyForDeploymentPostprocessing = 0;
		};
/* End PBXResourcesBuildPhase section */

/* Begin PBXSourcesBuildPhase section */
		C57B90AF219B32950019EC56 /* Sources */ = {
			isa = PBXSourcesBuildPhase;
			buildActionMask = 2147483647;
			files = (
				C57B90B9219B32950019EC56 /* ViewController.swift in Sources */,
				C57B90E7219B3AC80019EC56 /* PlayingCardDeck.swift in Sources */,
				C57B90E5219B32B60019EC56 /* PlayingCard.swift in Sources */,
				C517357E219B8E89008F1569 /* PlayingCardView.swift in Sources */,
				C57B90B7219B32950019EC56 /* AppDelegate.swift in Sources */,
			);
			runOnlyForDeploymentPostprocessing = 0;
		};
		C57B90C3219B32960019EC56 /* Sources */ = {
			isa = PBXSourcesBuildPhase;
			buildActionMask = 2147483647;
			files = (
				C57B90CC219B32960019EC56 /* PlayingCardTests.swift in Sources */,
			);
			runOnlyForDeploymentPostprocessing = 0;
		};
		C57B90CE219B32960019EC56 /* Sources */ = {
			isa = PBXSourcesBuildPhase;
			buildActionMask = 2147483647;
			files = (
				C57B90D7219B32960019EC56 /* PlayingCardUITests.swift in Sources */,
			);
			runOnlyForDeploymentPostprocessing = 0;
		};
/* End PBXSourcesBuildPhase section */

/* Begin PBXTargetDependency section */
		C57B90C9219B32960019EC56 /* PBXTargetDependency */ = {
			isa = PBXTargetDependency;
			target = C57B90B2219B32950019EC56 /* PlayingCard */;
			targetProxy = C57B90C8219B32960019EC56 /* PBXContainerItemProxy */;
		};
		C57B90D4219B32960019EC56 /* PBXTargetDependency */ = {
			isa = PBXTargetDependency;
			target = C57B90B2219B32950019EC56 /* PlayingCard */;
			targetProxy = C57B90D3219B32960019EC56 /* PBXContainerItemProxy */;
		};
/* End PBXTargetDependency section */

/* Begin PBXVariantGroup section */
		C57B90BA219B32950019EC56 /* Main.storyboard */ = {
			isa = PBXVariantGroup;
			children = (
				C57B90BB219B32950019EC56 /* Base */,
			);
			name = Main.storyboard;
			sourceTree = "<group>";
		};
		C57B90BF219B32960019EC56 /* LaunchScreen.storyboard */ = {
			isa = PBXVariantGroup;
			children = (
				C57B90C0219B32960019EC56 /* Base */,
			);
			name = LaunchScreen.storyboard;
			sourceTree = "<group>";
		};
/* End PBXVariantGroup section */

/* Begin XCBuildConfiguration section */
		C57B90D9219B32960019EC56 /* Debug */ = {
			isa = XCBuildConfiguration;
			buildSettings = {
				ALWAYS_SEARCH_USER_PATHS = NO;
				CLANG_ANALYZER_NONNULL = YES;
				CLANG_ANALYZER_NUMBER_OBJECT_CONVERSION = YES_AGGRESSIVE;
				CLANG_CXX_LANGUAGE_STANDARD = "gnu++14";
				CLANG_CXX_LIBRARY = "libc++";
				CLANG_ENABLE_MODULES = YES;
				CLANG_ENABLE_OBJC_ARC = YES;
				CLANG_ENABLE_OBJC_WEAK = YES;
				CLANG_WARN_BLOCK_CAPTURE_AUTORELEASING = YES;
				CLANG_WARN_BOOL_CONVERSION = YES;
				CLANG_WARN_COMMA = YES;
				CLANG_WARN_CONSTANT_CONVERSION = YES;
				CLANG_WARN_DEPRECATED_OBJC_IMPLEMENTATIONS = YES;
				CLANG_WARN_DIRECT_OBJC_ISA_USAGE = YES_ERROR;
				CLANG_WARN_DOCUMENTATION_COMMENTS = YES;
				CLANG_WARN_EMPTY_BODY = YES;
				CLANG_WARN_ENUM_CONVERSION = YES;
				CLANG_WARN_INFINITE_RECURSION = YES;
				CLANG_WARN_INT_CONVERSION = YES;
				CLANG_WARN_NON_LITERAL_NULL_CONVERSION = YES;
				CLANG_WARN_OBJC_IMPLICIT_RETAIN_SELF = YES;
				CLANG_WARN_OBJC_LITERAL_CONVERSION = YES;
				CLANG_WARN_OBJC_ROOT_CLASS = YES_ERROR;
				CLANG_WARN_RANGE_LOOP_ANALYSIS = YES;
				CLANG_WARN_STRICT_PROTOTYPES = YES;
				CLANG_WARN_SUSPICIOUS_MOVE = YES;
				CLANG_WARN_UNGUARDED_AVAILABILITY = YES_AGGRESSIVE;
				CLANG_WARN_UNREACHABLE_CODE = YES;
				CLANG_WARN__DUPLICATE_METHOD_MATCH = YES;
				CODE_SIGN_IDENTITY = "iPhone Developer";
				COPY_PHASE_STRIP = NO;
				DEBUG_INFORMATION_FORMAT = dwarf;
				ENABLE_STRICT_OBJC_MSGSEND = YES;
				ENABLE_TESTABILITY = YES;
				GCC_C_LANGUAGE_STANDARD = gnu11;
				GCC_DYNAMIC_NO_PIC = NO;
				GCC_NO_COMMON_BLOCKS = YES;
				GCC_OPTIMIZATION_LEVEL = 0;
				GCC_PREPROCESSOR_DEFINITIONS = (
					"DEBUG=1",
					"$(inherited)",
				);
				GCC_WARN_64_TO_32_BIT_CONVERSION = YES;
				GCC_WARN_ABOUT_RETURN_TYPE = YES_ERROR;
				GCC_WARN_UNDECLARED_SELECTOR = YES;
				GCC_WARN_UNINITIALIZED_AUTOS = YES_AGGRESSIVE;
				GCC_WARN_UNUSED_FUNCTION = YES;
				GCC_WARN_UNUSED_VARIABLE = YES;
				IPHONEOS_DEPLOYMENT_TARGET = 12.1;
				MTL_ENABLE_DEBUG_INFO = INCLUDE_SOURCE;
				MTL_FAST_MATH = YES;
				ONLY_ACTIVE_ARCH = YES;
				SDKROOT = iphoneos;
				SWIFT_ACTIVE_COMPILATION_CONDITIONS = DEBUG;
				SWIFT_OPTIMIZATION_LEVEL = "-Onone";
			};
			name = Debug;
		};
		C57B90DA219B32960019EC56 /* Release */ = {
			isa = XCBuildConfiguration;
			buildSettings = {
				ALWAYS_SEARCH_USER_PATHS = NO;
				CLANG_ANALYZER_NONNULL = YES;
				CLANG_ANALYZER_NUMBER_OBJECT_CONVERSION = YES_AGGRESSIVE;
				CLANG_CXX_LANGUAGE_STANDARD = "gnu++14";
				CLANG_CXX_LIBRARY = "libc++";
				CLANG_ENABLE_MODULES = YES;
				CLANG_ENABLE_OBJC_ARC = YES;
				CLANG_ENABLE_OBJC_WEAK = YES;
				CLANG_WARN_BLOCK_CAPTURE_AUTORELEASING = YES;
				CLANG_WARN_BOOL_CONVERSION = YES;
				CLANG_WARN_COMMA = YES;
				CLANG_WARN_CONSTANT_CONVERSION = YES;
				CLANG_WARN_DEPRECATED_OBJC_IMPLEMENTATIONS = YES;
				CLANG_WARN_DIRECT_OBJC_ISA_USAGE = YES_ERROR;
				CLANG_WARN_DOCUMENTATION_COMMENTS = YES;
				CLANG_WARN_EMPTY_BODY = YES;
				CLANG_WARN_ENUM_CONVERSION = YES;
				CLANG_WARN_INFINITE_RECURSION = YES;
				CLANG_WARN_INT_CONVERSION = YES;
				CLANG_WARN_NON_LITERAL_NULL_CONVERSION = YES;
				CLANG_WARN_OBJC_IMPLICIT_RETAIN_SELF = YES;
				CLANG_WARN_OBJC_LITERAL_CONVERSION = YES;
				CLANG_WARN_OBJC_ROOT_CLASS = YES_ERROR;
				CLANG_WARN_RANGE_LOOP_ANALYSIS = YES;
				CLANG_WARN_STRICT_PROTOTYPES = YES;
				CLANG_WARN_SUSPICIOUS_MOVE = YES;
				CLANG_WARN_UNGUARDED_AVAILABILITY = YES_AGGRESSIVE;
				CLANG_WARN_UNREACHABLE_CODE = YES;
				CLANG_WARN__DUPLICATE_METHOD_MATCH = YES;
				CODE_SIGN_IDENTITY = "iPhone Developer";
				COPY_PHASE_STRIP = NO;
				DEBUG_INFORMATION_FORMAT = "dwarf-with-dsym";
				ENABLE_NS_ASSERTIONS = NO;
				ENABLE_STRICT_OBJC_MSGSEND = YES;
				GCC_C_LANGUAGE_STANDARD = gnu11;
				GCC_NO_COMMON_BLOCKS = YES;
				GCC_WARN_64_TO_32_BIT_CONVERSION = YES;
				GCC_WARN_ABOUT_RETURN_TYPE = YES_ERROR;
				GCC_WARN_UNDECLARED_SELECTOR = YES;
				GCC_WARN_UNINITIALIZED_AUTOS = YES_AGGRESSIVE;
				GCC_WARN_UNUSED_FUNCTION = YES;
				GCC_WARN_UNUSED_VARIABLE = YES;
				IPHONEOS_DEPLOYMENT_TARGET = 12.1;
				MTL_ENABLE_DEBUG_INFO = NO;
				MTL_FAST_MATH = YES;
				SDKROOT = iphoneos;
				SWIFT_COMPILATION_MODE = wholemodule;
				SWIFT_OPTIMIZATION_LEVEL = "-O";
				VALIDATE_PRODUCT = YES;
			};
			name = Release;
		};
		C57B90DC219B32960019EC56 /* Debug */ = {
			isa = XCBuildConfiguration;
			buildSettings = {
				ASSETCATALOG_COMPILER_APPICON_NAME = AppIcon;
				CODE_SIGN_STYLE = Automatic;
				DEVELOPMENT_TEAM = Y99S8CNJNJ;
				INFOPLIST_FILE = PlayingCard/Info.plist;
				LD_RUNPATH_SEARCH_PATHS = (
					"$(inherited)",
					"@executable_path/Frameworks",
				);
				PRODUCT_BUNDLE_IDENTIFIER = rodolforodriguez.PlayingCard;
				PRODUCT_NAME = "$(TARGET_NAME)";
				SWIFT_VERSION = 4.2;
				TARGETED_DEVICE_FAMILY = "1,2";
			};
			name = Debug;
		};
		C57B90DD219B32960019EC56 /* Release */ = {
			isa = XCBuildConfiguration;
			buildSettings = {
				ASSETCATALOG_COMPILER_APPICON_NAME = AppIcon;
				CODE_SIGN_STYLE = Automatic;
				DEVELOPMENT_TEAM = Y99S8CNJNJ;
				INFOPLIST_FILE = PlayingCard/Info.plist;
				LD_RUNPATH_SEARCH_PATHS = (
					"$(inherited)",
					"@executable_path/Frameworks",
				);
				PRODUCT_BUNDLE_IDENTIFIER = rodolforodriguez.PlayingCard;
				PRODUCT_NAME = "$(TARGET_NAME)";
				SWIFT_VERSION = 4.2;
				TARGETED_DEVICE_FAMILY = "1,2";
			};
			name = Release;
		};
		C57B90DF219B32960019EC56 /* Debug */ = {
			isa = XCBuildConfiguration;
			buildSettings = {
				ALWAYS_EMBED_SWIFT_STANDARD_LIBRARIES = YES;
				BUNDLE_LOADER = "$(TEST_HOST)";
				CODE_SIGN_STYLE = Automatic;
				INFOPLIST_FILE = PlayingCardTests/Info.plist;
				LD_RUNPATH_SEARCH_PATHS = (
					"$(inherited)",
					"@executable_path/Frameworks",
					"@loader_path/Frameworks",
				);
				PRODUCT_BUNDLE_IDENTIFIER = rodolforodriguez.PlayingCardTests;
				PRODUCT_NAME = "$(TARGET_NAME)";
				SWIFT_VERSION = 4.2;
				TARGETED_DEVICE_FAMILY = "1,2";
				TEST_HOST = "$(BUILT_PRODUCTS_DIR)/PlayingCard.app/PlayingCard";
			};
			name = Debug;
		};
		C57B90E0219B32960019EC56 /* Release */ = {
			isa = XCBuildConfiguration;
			buildSettings = {
				ALWAYS_EMBED_SWIFT_STANDARD_LIBRARIES = YES;
				BUNDLE_LOADER = "$(TEST_HOST)";
				CODE_SIGN_STYLE = Automatic;
				INFOPLIST_FILE = PlayingCardTests/Info.plist;
				LD_RUNPATH_SEARCH_PATHS = (
					"$(inherited)",
					"@executable_path/Frameworks",
					"@loader_path/Frameworks",
				);
				PRODUCT_BUNDLE_IDENTIFIER = rodolforodriguez.PlayingCardTests;
				PRODUCT_NAME = "$(TARGET_NAME)";
				SWIFT_VERSION = 4.2;
				TARGETED_DEVICE_FAMILY = "1,2";
				TEST_HOST = "$(BUILT_PRODUCTS_DIR)/PlayingCard.app/PlayingCard";
			};
			name = Release;
		};
		C57B90E2219B32960019EC56 /* Debug */ = {
			isa = XCBuildConfiguration;
			buildSettings = {
				ALWAYS_EMBED_SWIFT_STANDARD_LIBRARIES = YES;
				CODE_SIGN_STYLE = Automatic;
				INFOPLIST_FILE = PlayingCardUITests/Info.plist;
				LD_RUNPATH_SEARCH_PATHS = (
					"$(inherited)",
					"@executable_path/Frameworks",
					"@loader_path/Frameworks",
				);
				PRODUCT_BUNDLE_IDENTIFIER = rodolforodriguez.PlayingCardUITests;
				PRODUCT_NAME = "$(TARGET_NAME)";
				SWIFT_VERSION = 4.2;
				TARGETED_DEVICE_FAMILY = "1,2";
				TEST_TARGET_NAME = PlayingCard;
			};
			name = Debug;
		};
		C57B90E3219B32960019EC56 /* Release */ = {
			isa = XCBuildConfiguration;
			buildSettings = {
				ALWAYS_EMBED_SWIFT_STANDARD_LIBRARIES = YES;
				CODE_SIGN_STYLE = Automatic;
				INFOPLIST_FILE = PlayingCardUITests/Info.plist;
				LD_RUNPATH_SEARCH_PATHS = (
					"$(inherited)",
					"@executable_path/Frameworks",
					"@loader_path/Frameworks",
				);
				PRODUCT_BUNDLE_IDENTIFIER = rodolforodriguez.PlayingCardUITests;
				PRODUCT_NAME = "$(TARGET_NAME)";
				SWIFT_VERSION = 4.2;
				TARGETED_DEVICE_FAMILY = "1,2";
				TEST_TARGET_NAME = PlayingCard;
			};
			name = Release;
		};
/* End XCBuildConfiguration section */

/* Begin XCConfigurationList section */
		C57B90AE219B32950019EC56 /* Build configuration list for PBXProject "PlayingCard" */ = {
			isa = XCConfigurationList;
			buildConfigurations = (
				C57B90D9219B32960019EC56 /* Debug */,
				C57B90DA219B32960019EC56 /* Release */,
			);
			defaultConfigurationIsVisible = 0;
			defaultConfigurationName = Release;
		};
		C57B90DB219B32960019EC56 /* Build configuration list for PBXNativeTarget "PlayingCard" */ = {
			isa = XCConfigurationList;
			buildConfigurations = (
				C57B90DC219B32960019EC56 /* Debug */,
				C57B90DD219B32960019EC56 /* Release */,
			);
			defaultConfigurationIsVisible = 0;
			defaultConfigurationName = Release;
		};
		C57B90DE219B32960019EC56 /* Build configuration list for PBXNativeTarget "PlayingCardTests" */ = {
			isa = XCConfigurationList;
			buildConfigurations = (
				C57B90DF219B32960019EC56 /* Debug */,
				C57B90E0219B32960019EC56 /* Release */,
			);
			defaultConfigurationIsVisible = 0;
			defaultConfigurationName = Release;
		};
		C57B90E1219B32960019EC56 /* Build configuration list for PBXNativeTarget "PlayingCardUITests" */ = {
			isa = XCConfigurationList;
			buildConfigurations = (
				C57B90E2219B32960019EC56 /* Debug */,
				C57B90E3219B32960019EC56 /* Release */,
			);
			defaultConfigurationIsVisible = 0;
			defaultConfigurationName = Release;
		};
/* End XCConfigurationList section */
	};
	rootObject = C57B90AB219B32950019EC56 /* Project object */;
}
